Microsoft Visual Studio Solution File, Format Version 12.00
# Visual Studio Version 17
VisualStudioVersion = 17.5.2.0
MinimumVisualStudioVersion = 10.0.40219.1
Project("{2150E333-8FDC-42A3-9474-1A3956D46DE8}") = "csharp", "csharp", "{B41BF331-FCCB-2ADF-CDB6-767964B34647}"
EndProject
Project("{FAE04EC0-301F-11D3-BF4B-00C04F79EFBC}") = "desafios", "csharp\desafios\desafios.csproj", "{6D433A2E-C1A8-D757-9BC1-3B3AE25AE30A}"
EndProject
Global
	GlobalSection(SolutionConfigurationPlatforms) = preSolution
		Debug|Any CPU = Debug|Any CPU
		Release|Any CPU = Release|Any CPU
	EndGlobalSection
	GlobalSection(ProjectConfigurationPlatforms) = postSolution
		{6D433A2E-C1A8-D757-9BC1-3B3AE25AE30A}.Debug|Any CPU.ActiveCfg = Debug|Any CPU
		{6D433A2E-C1A8-D757-9BC1-3B3AE25AE30A}.Debug|Any CPU.Build.0 = Debug|Any CPU
		{6D433A2E-C1A8-D757-9BC1-3B3AE25AE30A}.Release|Any CPU.ActiveCfg = Release|Any CPU
		{6D433A2E-C1A8-D757-9BC1-3B3AE25AE30A}.Release|Any CPU.Build.0 = Release|Any CPU
	EndGlobalSection
	GlobalSection(SolutionProperties) = preSolution
		HideSolutionNode = FALSE
	EndGlobalSection
	GlobalSection(NestedProjects) = preSolution
		{6D433A2E-C1A8-D757-9BC1-3B3AE25AE30A} = {B41BF331-FCCB-2ADF-CDB6-767964B34647}
	EndGlobalSection
	GlobalSection(ExtensibilityGlobals) = postSolution
		SolutionGuid = {6F6E7D9C-705C-4FEA-B4F4-E170D5E3DFC0}
	EndGlobalSection
EndGlobal
